
Microsoft Visual Studio Solution File, Format Version 12.00
# Visual Studio Version 17
VisualStudioVersion = 17.10.35013.160
MinimumVisualStudioVersion = 10.0.40219.1
Project("{FAE04EC0-301F-11D3-BF4B-00C04F79EFBC}") = "Application", "Application\Application.csproj", "{C6C384AB-4739-4F81-B630-0185C9B7168C}"
EndProject
Project("{FAE04EC0-301F-11D3-BF4B-00C04F79EFBC}") = "Domain", "Domain\Domain.csproj", "{7B041D15-9064-4ABD-A13C-9B30319E6439}"
EndProject
Project("{FAE04EC0-301F-11D3-BF4B-00C04F79EFBC}") = "Persistence", "Persistence\Persistence.csproj", "{F39E4E73-1E37-4615-8317-894A692BB59D}"
EndProject
Project("{FAE04EC0-301F-11D3-BF4B-00C04F79EFBC}") = "Infrastructure", "Infrastructure\Infrastructure.csproj", "{9DA15DEB-1658-45F4-917B-AE9CC3E3214A}"
EndProject
Project("{FAE04EC0-301F-11D3-BF4B-00C04F79EFBC}") = "WebAPI", "WebAPI\WebAPI.csproj", "{FD1395D7-866B-491D-AABE-E90B3C6897D3}"
EndProject
Global
	GlobalSection(SolutionConfigurationPlatforms) = preSolution
		Debug|Any CPU = Debug|Any CPU
		Release|Any CPU = Release|Any CPU
	EndGlobalSection
	GlobalSection(ProjectConfigurationPlatforms) = postSolution
		{C6C384AB-4739-4F81-B630-0185C9B7168C}.Debug|Any CPU.ActiveCfg = Debug|Any CPU
		{C6C384AB-4739-4F81-B630-0185C9B7168C}.Debug|Any CPU.Build.0 = Debug|Any CPU
		{C6C384AB-4739-4F81-B630-0185C9B7168C}.Release|Any CPU.ActiveCfg = Release|Any CPU
		{C6C384AB-4739-4F81-B630-0185C9B7168C}.Release|Any CPU.Build.0 = Release|Any CPU
		{7B041D15-9064-4ABD-A13C-9B30319E6439}.Debug|Any CPU.ActiveCfg = Debug|Any CPU
		{7B041D15-9064-4ABD-A13C-9B30319E6439}.Debug|Any CPU.Build.0 = Debug|Any CPU
		{7B041D15-9064-4ABD-A13C-9B30319E6439}.Release|Any CPU.ActiveCfg = Release|Any CPU
		{7B041D15-9064-4ABD-A13C-9B30319E6439}.Release|Any CPU.Build.0 = Release|Any CPU
		{F39E4E73-1E37-4615-8317-894A692BB59D}.Debug|Any CPU.ActiveCfg = Debug|Any CPU
		{F39E4E73-1E37-4615-8317-894A692BB59D}.Debug|Any CPU.Build.0 = Debug|Any CPU
		{F39E4E73-1E37-4615-8317-894A692BB59D}.Release|Any CPU.ActiveCfg = Release|Any CPU
		{F39E4E73-1E37-4615-8317-894A692BB59D}.Release|Any CPU.Build.0 = Release|Any CPU
		{9DA15DEB-1658-45F4-917B-AE9CC3E3214A}.Debug|Any CPU.ActiveCfg = Debug|Any CPU
		{9DA15DEB-1658-45F4-917B-AE9CC3E3214A}.Debug|Any CPU.Build.0 = Debug|Any CPU
		{9DA15DEB-1658-45F4-917B-AE9CC3E3214A}.Release|Any CPU.ActiveCfg = Release|Any CPU
		{9DA15DEB-1658-45F4-917B-AE9CC3E3214A}.Release|Any CPU.Build.0 = Release|Any CPU
		{FD1395D7-866B-491D-AABE-E90B3C6897D3}.Debug|Any CPU.ActiveCfg = Debug|Any CPU
		{FD1395D7-866B-491D-AABE-E90B3C6897D3}.Debug|Any CPU.Build.0 = Debug|Any CPU
		{FD1395D7-866B-491D-AABE-E90B3C6897D3}.Release|Any CPU.ActiveCfg = Release|Any CPU
		{FD1395D7-866B-491D-AABE-E90B3C6897D3}.Release|Any CPU.Build.0 = Release|Any CPU
	EndGlobalSection
	GlobalSection(SolutionProperties) = preSolution
		HideSolutionNode = FALSE
	EndGlobalSection
	GlobalSection(ExtensibilityGlobals) = postSolution
		SolutionGuid = {8710DDE0-2A35-4EC4-A0B4-261AADD54434}
	EndGlobalSection
EndGlobal
